{
  "dependencies": {
    "dotenv": "^16.4.5",
    "express": "^4.19.2"
  },
  "name": "frontendadvancecp",
  "description": "",
  "version": "1.0.0",
  "main": "AxioNodehtml.js",
  "devDependencies": {
    "prettier": "^3.3.3"
  },
  "scripts": {
    "format": "echo \"Error: no test specified\" && exit 1"
  },
  "repository": {
    "type": "git",
    "url": "git+https://github.com/Shinnamon15001/FrontEndAdvanceCP.git"
  },
  "keywords": [],
  "author": "",
  "license": "ISC",
  "bugs": {
    "url": "https://github.com/Shinnamon15001/FrontEndAdvanceCP/issues"
  },
  "homepage": "https://github.com/Shinnamon15001/FrontEndAdvanceCP#readme"
}
